
Microsoft Visual Studio Solution File, Format Version 12.00
# Visual Studio Version 18
VisualStudioVersion = 18.4.11626.88 stable
MinimumVisualStudioVersion = 10.0.40219.1
Project("{FAE04EC0-301F-11D3-BF4B-00C04F79EFBC}") = "Konto", "Konto\Konto.csproj", "{A83F4C07-EA37-467E-82C4-EC77F8A1D2A0}"
EndProject
Project("{FAE04EC0-301F-11D3-BF4B-00C04F79EFBC}") = "Aplikajca", "Aplikajca\Aplikajca.csproj", "{6CDBB740-BEEA-440C-B202-4B4DE10F2BF1}"
EndProject
Project("{FAE04EC0-301F-11D3-BF4B-00C04F79EFBC}") = "testyBank", "testyBank\testyBank.csproj", "{BF159926-5285-42E5-BCC0-C2F7AE02D377}"
EndProject
Global
	GlobalSection(SolutionConfigurationPlatforms) = preSolution
		Debug|Any CPU = Debug|Any CPU
		Release|Any CPU = Release|Any CPU
	EndGlobalSection
	GlobalSection(ProjectConfigurationPlatforms) = postSolution
		{A83F4C07-EA37-467E-82C4-EC77F8A1D2A0}.Debug|Any CPU.ActiveCfg = Debug|Any CPU
		{A83F4C07-EA37-467E-82C4-EC77F8A1D2A0}.Debug|Any CPU.Build.0 = Debug|Any CPU
		{A83F4C07-EA37-467E-82C4-EC77F8A1D2A0}.Release|Any CPU.ActiveCfg = Release|Any CPU
		{A83F4C07-EA37-467E-82C4-EC77F8A1D2A0}.Release|Any CPU.Build.0 = Release|Any CPU
		{6CDBB740-BEEA-440C-B202-4B4DE10F2BF1}.Debug|Any CPU.ActiveCfg = Debug|Any CPU
		{6CDBB740-BEEA-440C-B202-4B4DE10F2BF1}.Debug|Any CPU.Build.0 = Debug|Any CPU
		{6CDBB740-BEEA-440C-B202-4B4DE10F2BF1}.Release|Any CPU.ActiveCfg = Release|Any CPU
		{6CDBB740-BEEA-440C-B202-4B4DE10F2BF1}.Release|Any CPU.Build.0 = Release|Any CPU
		{BF159926-5285-42E5-BCC0-C2F7AE02D377}.Debug|Any CPU.ActiveCfg = Debug|Any CPU
		{BF159926-5285-42E5-BCC0-C2F7AE02D377}.Debug|Any CPU.Build.0 = Debug|Any CPU
		{BF159926-5285-42E5-BCC0-C2F7AE02D377}.Release|Any CPU.ActiveCfg = Release|Any CPU
		{BF159926-5285-42E5-BCC0-C2F7AE02D377}.Release|Any CPU.Build.0 = Release|Any CPU
	EndGlobalSection
	GlobalSection(SolutionProperties) = preSolution
		HideSolutionNode = FALSE
	EndGlobalSection
	GlobalSection(ExtensibilityGlobals) = postSolution
		SolutionGuid = {3403BF67-9E8F-4EED-BDB6-A5DD3F4B4E23}
	EndGlobalSection
EndGlobal
